
Microsoft Visual Studio Solution File, Format Version 12.00
# Visual Studio 2012
Project("{FAE04EC0-301F-11D3-BF4B-00C04F79EFBC}") = "BelzonaMobile.iOS", "iOS\BelzonaMobile.iOS.csproj", "{31738905-41C8-4FED-B44E-50E534875EC5}"
EndProject
Project("{FAE04EC0-301F-11D3-BF4B-00C04F79EFBC}") = "BelzonaMobile", "BelzonaMobile\BelzonaMobile.csproj", "{5A57352C-E6C0-4EB1-8FE4-A628DAFF8114}"
EndProject
Project("{FAE04EC0-301F-11D3-BF4B-00C04F79EFBC}") = "BelzonaMobile.Droid", "Droid\BelzonaMobile.Droid.csproj", "{E09607F6-7D05-49D6-94F2-DFCC4976BFD8}"
EndProject
Global
	GlobalSection(SolutionConfigurationPlatforms) = preSolution
		Debug|Any CPU = Debug|Any CPU
		Release|Any CPU = Release|Any CPU
		Debug|iPhoneSimulator = Debug|iPhoneSimulator
		Release|iPhone = Release|iPhone
		Release|iPhoneSimulator = Release|iPhoneSimulator
		Debug|iPhone = Debug|iPhone
	EndGlobalSection
	GlobalSection(ProjectConfigurationPlatforms) = postSolution
		{31738905-41C8-4FED-B44E-50E534875EC5}.Debug|Any CPU.ActiveCfg = Debug|iPhoneSimulator
		{31738905-41C8-4FED-B44E-50E534875EC5}.Debug|Any CPU.Build.0 = Debug|iPhoneSimulator
		{31738905-41C8-4FED-B44E-50E534875EC5}.Release|Any CPU.ActiveCfg = Release|iPhone
		{31738905-41C8-4FED-B44E-50E534875EC5}.Release|Any CPU.Build.0 = Release|iPhone
		{31738905-41C8-4FED-B44E-50E534875EC5}.Debug|iPhoneSimulator.ActiveCfg = Debug|iPhoneSimulator
		{31738905-41C8-4FED-B44E-50E534875EC5}.Debug|iPhoneSimulator.Build.0 = Debug|iPhoneSimulator
		{31738905-41C8-4FED-B44E-50E534875EC5}.Release|iPhone.ActiveCfg = Release|iPhone
		{31738905-41C8-4FED-B44E-50E534875EC5}.Release|iPhone.Build.0 = Release|iPhone
		{31738905-41C8-4FED-B44E-50E534875EC5}.Release|iPhoneSimulator.ActiveCfg = Release|iPhoneSimulator
		{31738905-41C8-4FED-B44E-50E534875EC5}.Release|iPhoneSimulator.Build.0 = Release|iPhoneSimulator
		{31738905-41C8-4FED-B44E-50E534875EC5}.Debug|iPhone.ActiveCfg = Debug|iPhone
		{31738905-41C8-4FED-B44E-50E534875EC5}.Debug|iPhone.Build.0 = Debug|iPhone
		{5A57352C-E6C0-4EB1-8FE4-A628DAFF8114}.Debug|Any CPU.ActiveCfg = Debug|Any CPU
		{5A57352C-E6C0-4EB1-8FE4-A628DAFF8114}.Debug|Any CPU.Build.0 = Debug|Any CPU
		{5A57352C-E6C0-4EB1-8FE4-A628DAFF8114}.Release|Any CPU.ActiveCfg = Release|Any CPU
		{5A57352C-E6C0-4EB1-8FE4-A628DAFF8114}.Release|Any CPU.Build.0 = Release|Any CPU
		{5A57352C-E6C0-4EB1-8FE4-A628DAFF8114}.Debug|iPhoneSimulator.ActiveCfg = Debug|Any CPU
		{5A57352C-E6C0-4EB1-8FE4-A628DAFF8114}.Debug|iPhoneSimulator.Build.0 = Debug|Any CPU
		{5A57352C-E6C0-4EB1-8FE4-A628DAFF8114}.Release|iPhone.ActiveCfg = Release|Any CPU
		{5A57352C-E6C0-4EB1-8FE4-A628DAFF8114}.Release|iPhone.Build.0 = Release|Any CPU
		{5A57352C-E6C0-4EB1-8FE4-A628DAFF8114}.Release|iPhoneSimulator.ActiveCfg = Release|Any CPU
		{5A57352C-E6C0-4EB1-8FE4-A628DAFF8114}.Release|iPhoneSimulator.Build.0 = Release|Any CPU
		{5A57352C-E6C0-4EB1-8FE4-A628DAFF8114}.Debug|iPhone.ActiveCfg = Debug|Any CPU
		{5A57352C-E6C0-4EB1-8FE4-A628DAFF8114}.Debug|iPhone.Build.0 = Debug|Any CPU
		{E09607F6-7D05-49D6-94F2-DFCC4976BFD8}.Debug|Any CPU.ActiveCfg = Debug|Any CPU
		{E09607F6-7D05-49D6-94F2-DFCC4976BFD8}.Debug|Any CPU.Build.0 = Debug|Any CPU
		{E09607F6-7D05-49D6-94F2-DFCC4976BFD8}.Release|Any CPU.ActiveCfg = Release|Any CPU
		{E09607F6-7D05-49D6-94F2-DFCC4976BFD8}.Release|Any CPU.Build.0 = Release|Any CPU
		{E09607F6-7D05-49D6-94F2-DFCC4976BFD8}.Debug|iPhoneSimulator.ActiveCfg = Debug|Any CPU
		{E09607F6-7D05-49D6-94F2-DFCC4976BFD8}.Debug|iPhoneSimulator.Build.0 = Debug|Any CPU
		{E09607F6-7D05-49D6-94F2-DFCC4976BFD8}.Release|iPhone.ActiveCfg = Release|Any CPU
		{E09607F6-7D05-49D6-94F2-DFCC4976BFD8}.Release|iPhone.Build.0 = Release|Any CPU
		{E09607F6-7D05-49D6-94F2-DFCC4976BFD8}.Release|iPhoneSimulator.ActiveCfg = Release|Any CPU
		{E09607F6-7D05-49D6-94F2-DFCC4976BFD8}.Release|iPhoneSimulator.Build.0 = Release|Any CPU
		{E09607F6-7D05-49D6-94F2-DFCC4976BFD8}.Debug|iPhone.ActiveCfg = Debug|Any CPU
		{E09607F6-7D05-49D6-94F2-DFCC4976BFD8}.Debug|iPhone.Build.0 = Debug|Any CPU
	EndGlobalSection
	GlobalSection(MonoDevelopProperties) = preSolution
		Policies = $0
		$0.DotNetNamingPolicy = $1
		$1.DirectoryNamespaceAssociation = PrefixedHierarchical
	EndGlobalSection
EndGlobal
